<?xml version="1.0" encoding="utf-8"?>
<Project ToolsVersion="4.0" xmlns="http://schemas.microsoft.com/developer/msbuild/2003">
  <ItemGroup>
    <ClCompile Include="detours\disasm.cpp">
      <Filter>detours</Filter>
    </ClCompile>
    <ClCompile Include="detours\disolarm.cpp">
      <Filter>detours</Filter>
    </ClCompile>
    <ClCompile Include="detours\disolarm64.cpp">
      <Filter>detours</Filter>
    </ClCompile>
    <ClCompile Include="detours\disolia64.cpp">
      <Filter>detours</Filter>
    </ClCompile>
    <ClCompile Include="detours\disolx64.cpp">
      <Filter>detours</Filter>
    </ClCompile>
    <ClCompile Include="detours\disolx86.cpp">
      <Filter>detours</Filter>
    </ClCompile>
    <ClCompile Include="detours\image.cpp">
      <Filter>detours</Filter>
    </ClCompile>
    <ClCompile Include="detours\modules.cpp">
      <Filter>detours</Filter>
    </ClCompile>
    <ClCompile Include="detours\creatwth.cpp">
      <Filter>detours</Filter>
    </ClCompile>
    <ClCompile Include="detours\detours.cpp">
      <Filter>detours</Filter>
    </ClCompile>
    <ClCompile Include="src\main.cpp" />
    <ClCompile Include="src\MemFind.cpp" />
    <ClCompile Include="src\ModelManager.cpp" />
    <ClCompile Include="src\MouseBack.cpp" />
    <ClCompile Include="src\PathHelper.cpp" />
    <ClCompile Include="src\StringHelper.cpp" />
    <ClCompile Include="src\Version.cpp" />
    <ClCompile Include="src\WindowHelper.cpp" />
    <ClCompile Include="src\WinINetUtil.cpp" />
    <ClCompile Include="src\AutoLinker.cpp" />
    <ClCompile Include="src\ConfigManager.cpp" />
    <ClCompile Include="src\ECOMEx.cpp" />
    <ClCompile Include="src\GAHelper.cpp" />
  </ItemGroup>
  <ItemGroup>
    <ClInclude Include="detours\detours.h">
      <Filter>detours</Filter>
    </ClInclude>
    <ClInclude Include="detours\detver.h">
      <Filter>detours</Filter>
    </ClInclude>
    <ClInclude Include="elib\krnllib.h">
      <Filter>elib</Filter>
    </ClInclude>
    <ClInclude Include="elib\lang.h">
      <Filter>elib</Filter>
    </ClInclude>
    <ClInclude Include="elib\lib2.h">
      <Filter>elib</Filter>
    </ClInclude>
    <ClInclude Include="elib\mtypes.h">
      <Filter>elib</Filter>
    </ClInclude>
    <ClInclude Include="elib\PublicIDEFunctions.h">
      <Filter>elib</Filter>
    </ClInclude>
    <ClInclude Include="elib\untshare.h">
      <Filter>elib</Filter>
    </ClInclude>
    <ClInclude Include="elib\fnshare.h">
      <Filter>elib</Filter>
    </ClInclude>
    <ClInclude Include="src\Global.h" />
    <ClInclude Include="src\InlineHook.h" />
    <ClInclude Include="src\LinkerManager.h" />
    <ClInclude Include="src\MemFind.h" />
    <ClInclude Include="src\ModelManager.h" />
    <ClInclude Include="src\MouseBack.h" />
    <ClInclude Include="src\PathHelper.h" />
    <ClInclude Include="src\StringHelper.h" />
    <ClInclude Include="src\TimeManager.h" />
    <ClInclude Include="src\Version.h" />
    <ClInclude Include="src\WindowHelper.h" />
    <ClInclude Include="src\WinINetUtil.h" />
    <ClInclude Include="src\AutoLinker.h" />
    <ClInclude Include="src\ConfigManager.h" />
    <ClInclude Include="src\ECOMEx.h" />
    <ClInclude Include="src\GAHelper.h" />
  </ItemGroup>
  <ItemGroup>
    <Filter Include="elib">
      <UniqueIdentifier>{139f9248-894c-49dd-ac24-16f409cf5c3d}</UniqueIdentifier>
    </Filter>
    <Filter Include="detours">
      <UniqueIdentifier>{bccb807d-f223-4bcd-b7e9-ed0546a6e408}</UniqueIdentifier>
    </Filter>
  </ItemGroup>
  <ItemGroup>
    <None Include="src\AutoLinker.def" />
  </ItemGroup>
</Project>