<?xml version="1.0" encoding="utf-8"?>
<Project ToolsVersion="4.0" xmlns="http://schemas.microsoft.com/developer/msbuild/2003">
  <ItemGroup>
    <ClCompile Include="AutoLinker.cpp" />
    <ClCompile Include="main.cpp" />
    <ClCompile Include="detours\disasm.cpp">
      <Filter>detours</Filter>
    </ClCompile>
    <ClCompile Include="detours\disolarm.cpp">
      <Filter>detours</Filter>
    </ClCompile>
    <ClCompile Include="detours\disolarm64.cpp">
      <Filter>detours</Filter>
    </ClCompile>
    <ClCompile Include="detours\disolia64.cpp">
      <Filter>detours</Filter>
    </ClCompile>
    <ClCompile Include="detours\disolx64.cpp">
      <Filter>detours</Filter>
    </ClCompile>
    <ClCompile Include="detours\disolx86.cpp">
      <Filter>detours</Filter>
    </ClCompile>
    <ClCompile Include="detours\image.cpp">
      <Filter>detours</Filter>
    </ClCompile>
    <ClCompile Include="detours\modules.cpp">
      <Filter>detours</Filter>
    </ClCompile>
    <ClCompile Include="detours\creatwth.cpp">
      <Filter>detours</Filter>
    </ClCompile>
    <ClCompile Include="detours\detours.cpp">
      <Filter>detours</Filter>
    </ClCompile>
    <ClCompile Include="PathHelper.cpp">
      <Filter>Utils</Filter>
    </ClCompile>
    <ClCompile Include="ConfigManager.cpp">
      <Filter>Utils</Filter>
    </ClCompile>
    <ClCompile Include="ModelManager.cpp">
      <Filter>Utils</Filter>
    </ClCompile>
    <ClCompile Include="StringHelper.cpp">
      <Filter>Utils</Filter>
    </ClCompile>
    <ClCompile Include="MouseBack.cpp">
      <Filter>Sevices</Filter>
    </ClCompile>
    <ClCompile Include="ECOMEx.cpp">
      <Filter>Utils</Filter>
    </ClCompile>
    <ClCompile Include="WindowHelper.cpp">
      <Filter>Utils</Filter>
    </ClCompile>
  </ItemGroup>
  <ItemGroup>
    <ClInclude Include="AutoLinker.h" />
    <ClInclude Include="detours\detours.h">
      <Filter>detours</Filter>
    </ClInclude>
    <ClInclude Include="detours\detver.h">
      <Filter>detours</Filter>
    </ClInclude>
    <ClInclude Include="PathHelper.h">
      <Filter>Utils</Filter>
    </ClInclude>
    <ClInclude Include="LinkerManager.h">
      <Filter>Utils</Filter>
    </ClInclude>
    <ClInclude Include="ConfigManager.h">
      <Filter>Utils</Filter>
    </ClInclude>
    <ClInclude Include="InlineHook.h">
      <Filter>Utils</Filter>
    </ClInclude>
    <ClInclude Include="ModelManager.h">
      <Filter>Utils</Filter>
    </ClInclude>
    <ClInclude Include="Global.h" />
    <ClInclude Include="StringHelper.h">
      <Filter>Utils</Filter>
    </ClInclude>
    <ClInclude Include="MouseBack.h">
      <Filter>Sevices</Filter>
    </ClInclude>
    <ClInclude Include="elib\krnllib.h">
      <Filter>elib</Filter>
    </ClInclude>
    <ClInclude Include="elib\lang.h">
      <Filter>elib</Filter>
    </ClInclude>
    <ClInclude Include="elib\lib2.h">
      <Filter>elib</Filter>
    </ClInclude>
    <ClInclude Include="elib\mtypes.h">
      <Filter>elib</Filter>
    </ClInclude>
    <ClInclude Include="elib\PublicIDEFunctions.h">
      <Filter>elib</Filter>
    </ClInclude>
    <ClInclude Include="elib\untshare.h">
      <Filter>elib</Filter>
    </ClInclude>
    <ClInclude Include="elib\fnshare.h">
      <Filter>elib</Filter>
    </ClInclude>
    <ClInclude Include="ECOMEx.h">
      <Filter>Utils</Filter>
    </ClInclude>
    <ClInclude Include="WindowHelper.h">
      <Filter>Utils</Filter>
    </ClInclude>
  </ItemGroup>
  <ItemGroup>
    <None Include="AutoLinker.def" />
  </ItemGroup>
  <ItemGroup>
    <Filter Include="elib">
      <UniqueIdentifier>{139f9248-894c-49dd-ac24-16f409cf5c3d}</UniqueIdentifier>
    </Filter>
    <Filter Include="detours">
      <UniqueIdentifier>{bccb807d-f223-4bcd-b7e9-ed0546a6e408}</UniqueIdentifier>
    </Filter>
    <Filter Include="Utils">
      <UniqueIdentifier>{d5a424f7-ff34-4fe9-a590-c5d088f11ed9}</UniqueIdentifier>
    </Filter>
    <Filter Include="Sevices">
      <UniqueIdentifier>{d885c58a-c222-4232-aa86-64fa354980b2}</UniqueIdentifier>
    </Filter>
  </ItemGroup>
</Project>