<?xml version="1.0" encoding="utf-8"?>
<Project ToolsVersion="4.0" xmlns="http://schemas.microsoft.com/developer/msbuild/2003">
  <ItemGroup>
    <ClCompile Include="detours\disasm.cpp">
      <Filter>detours</Filter>
    </ClCompile>
    <ClCompile Include="detours\disolarm.cpp">
      <Filter>detours</Filter>
    </ClCompile>
    <ClCompile Include="detours\disolarm64.cpp">
      <Filter>detours</Filter>
    </ClCompile>
    <ClCompile Include="detours\disolia64.cpp">
      <Filter>detours</Filter>
    </ClCompile>
    <ClCompile Include="detours\disolx64.cpp">
      <Filter>detours</Filter>
    </ClCompile>
    <ClCompile Include="detours\disolx86.cpp">
      <Filter>detours</Filter>
    </ClCompile>
    <ClCompile Include="detours\image.cpp">
      <Filter>detours</Filter>
    </ClCompile>
    <ClCompile Include="detours\modules.cpp">
      <Filter>detours</Filter>
    </ClCompile>
    <ClCompile Include="detours\creatwth.cpp">
      <Filter>detours</Filter>
    </ClCompile>
    <ClCompile Include="detours\detours.cpp">
      <Filter>detours</Filter>
    </ClCompile>
    <ClCompile Include="src\AutoLinker.cpp" />
    <ClCompile Include="src\AutoLinkerAI.cpp">
      <Filter>AI</Filter>
    </ClCompile>
    <ClCompile Include="src\AutoLinkerHooks.cpp">
      <Filter>Utils</Filter>
    </ClCompile>
    <ClCompile Include="src\AutoLinkerMenu.cpp">
      <Filter>Utils</Filter>
    </ClCompile>
    <ClCompile Include="src\AutoLinkerRuntime.cpp">
      <Filter>Utils</Filter>
    </ClCompile>
    <ClCompile Include="src\AutoLinkerSupport.cpp">
      <Filter>Utils</Filter>
    </ClCompile>
    <ClCompile Include="src\AutoLinkerTestApi.cpp">
      <Filter>Utils</Filter>
    </ClCompile>
    <ClCompile Include="src\ConfigManager.cpp">
      <Filter>Utils</Filter>
    </ClCompile>
    <ClCompile Include="src\EcModulePublicInfoReader.cpp">
      <Filter>Utils</Filter>
    </ClCompile>
    <ClCompile Include="src\EideInternalTextBridge.cpp">
      <Filter>Utils</Filter>
    </ClCompile>
    <ClCompile Include="src\ECOMEx.cpp">
      <Filter>Utils</Filter>
    </ClCompile>
    <ClCompile Include="src\e2txt.cpp">
      <Filter>Utils</Filter>
    </ClCompile>
    <ClCompile Include="src\EideProjectBinarySerializer.cpp">
      <Filter>Utils</Filter>
    </ClCompile>
    <ClCompile Include="src\IDEFacade.cpp">
      <Filter>Utils</Filter>
    </ClCompile>
    <ClCompile Include="src\MemFind.cpp">
      <Filter>Utils</Filter>
    </ClCompile>
    <ClCompile Include="src\ModelManager.cpp">
      <Filter>Utils</Filter>
    </ClCompile>
    <ClCompile Include="src\MouseBack.cpp">
      <Filter>Utils</Filter>
    </ClCompile>
    <ClCompile Include="src\AIConfigDialog.cpp">
      <Filter>AI</Filter>
    </ClCompile>
    <ClCompile Include="src\AIChatFeature.cpp">
      <Filter>AI</Filter>
    </ClCompile>
    <ClCompile Include="src\AIChatTooling.cpp">
      <Filter>AI</Filter>
    </ClCompile>
    <ClCompile Include="src\AIChatToolingX86.cpp">
      <Filter>AI</Filter>
    </ClCompile>
    <ClCompile Include="src\AIService.cpp">
      <Filter>AI</Filter>
    </ClCompile>
    <ClCompile Include="src\LocalMcpInstanceRegistry.cpp">
      <Filter>Utils</Filter>
    </ClCompile>
    <ClCompile Include="src\Logger.cpp">
      <Filter>Utils</Filter>
    </ClCompile>
    <ClCompile Include="src\PathHelper.cpp">
      <Filter>Utils</Filter>
    </ClCompile>
    <ClCompile Include="src\PageCodeCacheManager.cpp">
      <Filter>Utils</Filter>
    </ClCompile>
    <ClCompile Include="src\ProjectSourceCacheManager.cpp">
      <Filter>Utils</Filter>
    </ClCompile>
    <ClCompile Include="src\StringHelper.cpp">
      <Filter>Utils</Filter>
    </ClCompile>
    <ClCompile Include="src\Version.cpp">
      <Filter>Utils</Filter>
    </ClCompile>
    <ClCompile Include="src\WindowHelper.cpp">
      <Filter>Utils</Filter>
    </ClCompile>
    <ClCompile Include="src\WinINetUtil.cpp">
      <Filter>Utils</Filter>
    </ClCompile>
    <ClCompile Include="src\main.cpp" />
    <ClCompile Include="src\direct_global_search.cpp">
      <Filter>Utils</Filter>
    </ClCompile>
    <ClCompile Include="src\native_module_public_info.cpp" />
    <ClCompile Include="src\LocalMcpServer.cpp" />
    <ClCompile Include="src\RealPageCodeToolSupport.cpp" />
    <ClCompile Include="src\PowerShellToolRunner.cpp" />
    <ClCompile Include="src\TavilyClient.cpp">
      <Filter>Utils</Filter>
    </ClCompile>
    <ClCompile Include="src\WebDocumentClient.cpp">
      <Filter>Utils</Filter>
    </ClCompile>
    <ClCompile Include="src\WebDocumentExtractor.cpp">
      <Filter>Utils</Filter>
    </ClCompile>
  </ItemGroup>
  <ItemGroup>
    <ClInclude Include="detours\detours.h">
      <Filter>detours</Filter>
    </ClInclude>
    <ClInclude Include="detours\detver.h">
      <Filter>detours</Filter>
    </ClInclude>
    <ClInclude Include="elib\krnllib.h">
      <Filter>elib</Filter>
    </ClInclude>
    <ClInclude Include="elib\lang.h">
      <Filter>elib</Filter>
    </ClInclude>
    <ClInclude Include="elib\lib2.h">
      <Filter>elib</Filter>
    </ClInclude>
    <ClInclude Include="elib\mtypes.h">
      <Filter>elib</Filter>
    </ClInclude>
    <ClInclude Include="elib\PublicIDEFunctions.h">
      <Filter>elib</Filter>
    </ClInclude>
    <ClInclude Include="elib\untshare.h">
      <Filter>elib</Filter>
    </ClInclude>
    <ClInclude Include="elib\fnshare.h">
      <Filter>elib</Filter>
    </ClInclude>
    <ClInclude Include="src\AutoLinker.h" />
    <ClInclude Include="src\AutoLinkerInternal.h">
      <Filter>Utils</Filter>
    </ClInclude>
    <ClInclude Include="src\AutoLinkerTestApi.h">
      <Filter>Utils</Filter>
    </ClInclude>
    <ClInclude Include="src\AutoLinkerVersion.h">
      <Filter>Utils</Filter>
    </ClInclude>
    <ClInclude Include="src\AIConfigDialog.h">
      <Filter>AI</Filter>
    </ClInclude>
    <ClInclude Include="src\AIChatFeature.h">
      <Filter>AI</Filter>
    </ClInclude>
    <ClInclude Include="src\AIChatTooling.h">
      <Filter>AI</Filter>
    </ClInclude>
    <ClInclude Include="src\AIChatToolingInternal.h">
      <Filter>AI</Filter>
    </ClInclude>
    <ClInclude Include="src\AIService.h">
      <Filter>AI</Filter>
    </ClInclude>
    <ClInclude Include="src\ConfigManager.h">
      <Filter>Utils</Filter>
    </ClInclude>
    <ClInclude Include="src\EcModulePublicInfoReader.h">
      <Filter>Utils</Filter>
    </ClInclude>
    <ClInclude Include="src\EideInternalTextBridge.h">
      <Filter>Utils</Filter>
    </ClInclude>
    <ClInclude Include="src\e2txt.h">
      <Filter>Utils</Filter>
    </ClInclude>
    <ClInclude Include="src\EideProjectBinarySerializer.h">
      <Filter>Utils</Filter>
    </ClInclude>
    <ClInclude Include="src\ECOMEx.h">
      <Filter>Utils</Filter>
    </ClInclude>
    <ClInclude Include="src\Global.h">
      <Filter>Utils</Filter>
    </ClInclude>
    <ClInclude Include="src\IDEFacade.h">
      <Filter>Utils</Filter>
    </ClInclude>
    <ClInclude Include="src\InlineHook.h">
      <Filter>Utils</Filter>
    </ClInclude>
    <ClInclude Include="src\LinkerManager.h">
      <Filter>Utils</Filter>
    </ClInclude>
    <ClInclude Include="src\LocalMcpInstanceRegistry.h">
      <Filter>Utils</Filter>
    </ClInclude>
    <ClInclude Include="src\Logger.h">
      <Filter>Utils</Filter>
    </ClInclude>
    <ClInclude Include="src\MemFind.h">
      <Filter>Utils</Filter>
    </ClInclude>
    <ClInclude Include="src\ModelManager.h">
      <Filter>Utils</Filter>
    </ClInclude>
    <ClInclude Include="src\MouseBack.h">
      <Filter>Utils</Filter>
    </ClInclude>
    <ClInclude Include="src\PathHelper.h">
      <Filter>Utils</Filter>
    </ClInclude>
    <ClInclude Include="src\PageCodeCacheManager.h">
      <Filter>Utils</Filter>
    </ClInclude>
    <ClInclude Include="src\ProjectSourceCacheManager.h">
      <Filter>Utils</Filter>
    </ClInclude>
    <ClInclude Include="src\resource.h">
      <Filter>Utils</Filter>
    </ClInclude>
    <ClInclude Include="src\StringHelper.h">
      <Filter>Utils</Filter>
    </ClInclude>
    <ClInclude Include="src\TimeManager.h">
      <Filter>Utils</Filter>
    </ClInclude>
    <ClInclude Include="src\Version.h">
      <Filter>Utils</Filter>
    </ClInclude>
    <ClInclude Include="src\WindowHelper.h">
      <Filter>Utils</Filter>
    </ClInclude>
    <ClInclude Include="src\WinINetUtil.h">
      <Filter>Utils</Filter>
    </ClInclude>
    <ClInclude Include="src\direct_global_search.hpp">
      <Filter>Utils</Filter>
    </ClInclude>
    <ClInclude Include="src\LocalMcpServer.h" />
    <ClInclude Include="src\native_module_public_info.hpp" />
    <ClInclude Include="src\PowerShellToolRunner.h" />
    <ClInclude Include="src\RealPageCodeToolSupport.h" />
    <ClInclude Include="src\TavilyClient.h">
      <Filter>Utils</Filter>
    </ClInclude>
    <ClInclude Include="src\WebDocumentClient.h">
      <Filter>Utils</Filter>
    </ClInclude>
    <ClInclude Include="src\WebDocumentExtractor.h">
      <Filter>Utils</Filter>
    </ClInclude>
  </ItemGroup>
  <ItemGroup>
    <Filter Include="elib">
      <UniqueIdentifier>{139f9248-894c-49dd-ac24-16f409cf5c3d}</UniqueIdentifier>
    </Filter>
    <Filter Include="detours">
      <UniqueIdentifier>{bccb807d-f223-4bcd-b7e9-ed0546a6e408}</UniqueIdentifier>
    </Filter>
    <Filter Include="Utils">
      <UniqueIdentifier>{50cb1a3e-5558-4bc2-bed4-ebfa7f5b25bc}</UniqueIdentifier>
    </Filter>
    <Filter Include="AI">
      <UniqueIdentifier>{8f66752d-42c3-4fe5-bd47-3a07ff6b07b7}</UniqueIdentifier>
    </Filter>
  </ItemGroup>
  <ItemGroup>
    <None Include="src\AutoLinker.def" />
  </ItemGroup>
  <ItemGroup>
    <ResourceCompile Include="src\AutoLinker.rc">
      <Filter>Utils</Filter>
    </ResourceCompile>
  </ItemGroup>
</Project>